# THIS IS AN AUTOGENERATED FILE. DO NOT EDIT THIS FILE DIRECTLY.
# yarn lockfile v1


axo@0.0.x:
  version "0.0.2"
  resolved "https://registry.yarnpkg.com/axo/-/axo-0.0.2.tgz#49355fbbeab38449bca696a1aacc469a5ee9fd47"

eventemitter3@~2.0.2:
  version "2.0.3"
  resolved "https://registry.yarnpkg.com/eventemitter3/-/eventemitter3-2.0.3.tgz#b5e1079b59fb5e1ba2771c0a993be060a58c99ba"

extendible@0.1.x:
  version "0.1.1"
  resolved "https://registry.yarnpkg.com/extendible/-/extendible-0.1.1.tgz#e2a37ed87129fb4f9533e8a8d7506230a539c905"

failure@1.1.x:
  version "1.1.1"
  resolved "https://registry.yarnpkg.com/failure/-/failure-1.1.1.tgz#a8e83d3b1602d2468bff6ad4d9071e0103b81a87"

hang@1.0.x:
  version "1.0.0"
  resolved "https://registry.yarnpkg.com/hang/-/hang-1.0.0.tgz#67050879844435e02ae0409c4f4553c6438e1d71"

loads@0.0.x:
  version "0.0.4"
  resolved "https://registry.yarnpkg.com/loads/-/loads-0.0.4.tgz#97f3016397e70ddff480b81ec638ceea22a0a99c"
  dependencies:
    failure "1.1.x"
    one-time "0.0.x"
    xhr-response "1.0.x"
    xhr-status "1.0.x"

node-http-xhr@~1.3.0:
  version "1.3.4"
  resolved "https://registry.yarnpkg.com/node-http-xhr/-/node-http-xhr-1.3.4.tgz#0dbf827c2858f40c57a79375fc4be07c8ff46f55"

one-time@0.0.x:
  version "0.0.4"
  resolved "https://registry.yarnpkg.com/one-time/-/one-time-0.0.4.tgz#f8cdf77884826fe4dff93e3a9cc37b1e4480742e"

requests@^0.2.2:
  version "0.2.2"
  resolved "https://registry.yarnpkg.com/requests/-/requests-0.2.2.tgz#0e5ec07fd86b495bdb4beda869b2157eca893b4d"
  dependencies:
    axo "0.0.x"
    eventemitter3 "~2.0.2"
    extendible "0.1.x"
    hang "1.0.x"
    loads "0.0.x"
    node-http-xhr "~1.3.0"
    xhr-send "1.0.x"

xhr-response@1.0.x:
  version "1.0.1"
  resolved "https://registry.yarnpkg.com/xhr-response/-/xhr-response-1.0.1.tgz#affe3a08544ba72186e4dc52cd0226671d8673fe"

xhr-send@1.0.x:
  version "1.0.0"
  resolved "https://registry.yarnpkg.com/xhr-send/-/xhr-send-1.0.0.tgz#1a40c73e5db2028ee08fe90f5c3d6dc7f796a854"

xhr-status@1.0.x:
  version "1.0.1"
  resolved "https://registry.yarnpkg.com/xhr-status/-/xhr-status-1.0.1.tgz#ad2c631886ccd98a92834ad0fe695b4cef8bac5c"
